
Microsoft Visual Studio Solution File, Format Version 12.00
# Visual Studio 15
VisualStudioVersion = 15.0.27428.2037
MinimumVisualStudioVersion = 10.0.40219.1
Project("{FAE04EC0-301F-11D3-BF4B-00C04F79EFBC}") = "Nube", "Nube\Nube.csproj", "{6E093129-7E8C-4117-9179-3CC62E8DD0B1}"
EndProject
Project("{FAE04EC0-301F-11D3-BF4B-00C04F79EFBC}") = "DAL", "DAL\DAL.csproj", "{3D9AABD6-183C-487A-84D2-9C3E32F91AFE}"
EndProject
Project("{FAE04EC0-301F-11D3-BF4B-00C04F79EFBC}") = "SL", "SL\SL.csproj", "{A58ABF0D-2DA1-4E00-BE17-7D459C478107}"
EndProject
Global
	GlobalSection(SolutionConfigurationPlatforms) = preSolution
		Debug|Any CPU = Debug|Any CPU
		Release|Any CPU = Release|Any CPU
	EndGlobalSection
	GlobalSection(ProjectConfigurationPlatforms) = postSolution
		{6E093129-7E8C-4117-9179-3CC62E8DD0B1}.Debug|Any CPU.ActiveCfg = Debug|Any CPU
		{6E093129-7E8C-4117-9179-3CC62E8DD0B1}.Debug|Any CPU.Build.0 = Debug|Any CPU
		{6E093129-7E8C-4117-9179-3CC62E8DD0B1}.Release|Any CPU.ActiveCfg = Release|Any CPU
		{6E093129-7E8C-4117-9179-3CC62E8DD0B1}.Release|Any CPU.Build.0 = Release|Any CPU
		{3D9AABD6-183C-487A-84D2-9C3E32F91AFE}.Debug|Any CPU.ActiveCfg = Debug|Any CPU
		{3D9AABD6-183C-487A-84D2-9C3E32F91AFE}.Debug|Any CPU.Build.0 = Debug|Any CPU
		{3D9AABD6-183C-487A-84D2-9C3E32F91AFE}.Release|Any CPU.ActiveCfg = Release|Any CPU
		{3D9AABD6-183C-487A-84D2-9C3E32F91AFE}.Release|Any CPU.Build.0 = Release|Any CPU
		{A58ABF0D-2DA1-4E00-BE17-7D459C478107}.Debug|Any CPU.ActiveCfg = Debug|Any CPU
		{A58ABF0D-2DA1-4E00-BE17-7D459C478107}.Debug|Any CPU.Build.0 = Debug|Any CPU
		{A58ABF0D-2DA1-4E00-BE17-7D459C478107}.Release|Any CPU.ActiveCfg = Release|Any CPU
		{A58ABF0D-2DA1-4E00-BE17-7D459C478107}.Release|Any CPU.Build.0 = Release|Any CPU
	EndGlobalSection
	GlobalSection(SolutionProperties) = preSolution
		HideSolutionNode = FALSE
	EndGlobalSection
	GlobalSection(ExtensibilityGlobals) = postSolution
		SolutionGuid = {92559B3F-FDAF-40C0-8592-0595F6E2A5A8}
	EndGlobalSection
EndGlobal
